
Microsoft Visual Studio Solution File, Format Version 12.00
# Visual Studio Version 16
VisualStudioVersion = 16.0.31613.86
MinimumVisualStudioVersion = 10.0.40219.1
Project("{FAE04EC0-301F-11D3-BF4B-00C04F79EFBC}") = "less4-lasthomework", "less4-lasthomework.csproj", "{679E79AF-AB0E-4090-B4C3-9BB53243B110}"
EndProject
Global
	GlobalSection(SolutionConfigurationPlatforms) = preSolution
		Debug|Any CPU = Debug|Any CPU
		Release|Any CPU = Release|Any CPU
	EndGlobalSection
	GlobalSection(ProjectConfigurationPlatforms) = postSolution
		{679E79AF-AB0E-4090-B4C3-9BB53243B110}.Debug|Any CPU.ActiveCfg = Debug|Any CPU
		{679E79AF-AB0E-4090-B4C3-9BB53243B110}.Debug|Any CPU.Build.0 = Debug|Any CPU
		{679E79AF-AB0E-4090-B4C3-9BB53243B110}.Release|Any CPU.ActiveCfg = Release|Any CPU
		{679E79AF-AB0E-4090-B4C3-9BB53243B110}.Release|Any CPU.Build.0 = Release|Any CPU
	EndGlobalSection
	GlobalSection(SolutionProperties) = preSolution
		HideSolutionNode = FALSE
	EndGlobalSection
	GlobalSection(ExtensibilityGlobals) = postSolution
		SolutionGuid = {37AB56F0-B2DB-485E-ABD5-A5164ECB14C4}
	EndGlobalSection
EndGlobal
